
Microsoft Visual Studio Solution File, Format Version 12.00
# Visual Studio Version 16
VisualStudioVersion = 16.0.29613.14
MinimumVisualStudioVersion = 10.0.40219.1
Project("{FAE04EC0-301F-11D3-BF4B-00C04F79EFBC}") = "Gestor de Procesos y Memoria", "Gestor de Procesos y Memoria\Gestor de Procesos y Memoria.csproj", "{3F63D8D5-7CC1-4F60-8746-AF347CAC7FEC}"
EndProject
Global
	GlobalSection(SolutionConfigurationPlatforms) = preSolution
		Debug|Any CPU = Debug|Any CPU
		Release|Any CPU = Release|Any CPU
	EndGlobalSection
	GlobalSection(ProjectConfigurationPlatforms) = postSolution
		{3F63D8D5-7CC1-4F60-8746-AF347CAC7FEC}.Debug|Any CPU.ActiveCfg = Debug|Any CPU
		{3F63D8D5-7CC1-4F60-8746-AF347CAC7FEC}.Debug|Any CPU.Build.0 = Debug|Any CPU
		{3F63D8D5-7CC1-4F60-8746-AF347CAC7FEC}.Release|Any CPU.ActiveCfg = Release|Any CPU
		{3F63D8D5-7CC1-4F60-8746-AF347CAC7FEC}.Release|Any CPU.Build.0 = Release|Any CPU
	EndGlobalSection
	GlobalSection(SolutionProperties) = preSolution
		HideSolutionNode = FALSE
	EndGlobalSection
	GlobalSection(ExtensibilityGlobals) = postSolution
		SolutionGuid = {7562594A-5A42-4205-AB46-7BBC028AB4FF}
	EndGlobalSection
EndGlobal
